
Microsoft Visual Studio Solution File, Format Version 12.00
# Visual Studio 14
VisualStudioVersion = 14.0.24720.0
MinimumVisualStudioVersion = 10.0.40219.1
Project("{FAE04EC0-301F-11D3-BF4B-00C04F79EFBC}") = "Tehtava1", "Tehtava1\Tehtava1.csproj", "{BBFDB3F8-2232-4C51-A154-1DFFF2E75FE7}"
EndProject
Project("{FAE04EC0-301F-11D3-BF4B-00C04F79EFBC}") = "H1MediaPlayer", "H1MediaPlayer\H1MediaPlayer.csproj", "{E554FD57-7EB9-46B4-BFD5-E461CB37AC22}"
EndProject
Project("{FAE04EC0-301F-11D3-BF4B-00C04F79EFBC}") = "Tehtava2", "Tehtava2\Tehtava2.csproj", "{ECC66B1E-2489-4048-A87B-6A94906FEA2D}"
EndProject
Project("{FAE04EC0-301F-11D3-BF4B-00C04F79EFBC}") = "H3MittausData", "H3MittausData\H3MittausData.csproj", "{8E18F019-4FFD-4202-9C73-0EA0DAE3521B}"
EndProject
Project("{FAE04EC0-301F-11D3-BF4B-00C04F79EFBC}") = "Tehtava3", "Tehtava3\Tehtava3.csproj", "{6413EFBD-CBBF-4659-9486-C1DFFC783F37}"
EndProject
Project("{FAE04EC0-301F-11D3-BF4B-00C04F79EFBC}") = "Tehtava4", "Tehtava4\Tehtava4.csproj", "{DEF9D64F-DAB6-4EFF-9563-989427475546}"
EndProject
Project("{FAE04EC0-301F-11D3-BF4B-00C04F79EFBC}") = "H4TyontekijatConsole", "H4TyontekijatConsole\H4TyontekijatConsole.csproj", "{12AB2B68-A8A8-4D15-BC17-D6A70C2D31EE}"
EndProject
Project("{FAE04EC0-301F-11D3-BF4B-00C04F79EFBC}") = "H4TyontekijatWPF", "H4TyontekijatWPF\H4TyontekijatWPF.csproj", "{0050928C-08DB-4360-80B6-9E01F3F3AE61}"
EndProject
Project("{FAE04EC0-301F-11D3-BF4B-00C04F79EFBC}") = "Tehtava5", "Tehtava5\Tehtava5.csproj", "{506C7A32-267F-459A-8E3B-50DD2DF9CE4F}"
EndProject
Project("{FAE04EC0-301F-11D3-BF4B-00C04F79EFBC}") = "H5Movies", "H5Movies\H5Movies.csproj", "{4452CF41-A5CB-44AF-B41C-3184FCCB7C92}"
EndProject
Project("{FAE04EC0-301F-11D3-BF4B-00C04F79EFBC}") = "Tehtava6", "Tehtava6\Tehtava6.csproj", "{D2D2AA1F-AAEB-4EC6-AF15-5B070C8D6C2F}"
EndProject
Project("{FAE04EC0-301F-11D3-BF4B-00C04F79EFBC}") = "Tehtava7", "Tehtava7\Tehtava7.csproj", "{44E2069E-36CC-41C2-9DF5-4E92A7515930}"
EndProject
Project("{FAE04EC0-301F-11D3-BF4B-00C04F79EFBC}") = "H6DataBinding", "H6DataBinding\H6DataBinding.csproj", "{CE927065-C056-47B8-ADA5-F3279FB7B6B8}"
EndProject
Project("{FAE04EC0-301F-11D3-BF4B-00C04F79EFBC}") = "H7ADONETConsole", "H7ADONETConsole\H7ADONETConsole.csproj", "{5E7A4B27-39AB-4A0B-BD11-FE7C561FD9BE}"
EndProject
Project("{FAE04EC0-301F-11D3-BF4B-00C04F79EFBC}") = "H8ADONETLasnaolotWPF", "H8ADONETLasnaolotWPF\H8ADONETLasnaolotWPF.csproj", "{5A47C458-A04E-4978-9316-68BF9DFC47DE}"
EndProject
Project("{FAE04EC0-301F-11D3-BF4B-00C04F79EFBC}") = "Tehtava8", "Tehtava8\Tehtava8.csproj", "{36F13EFA-E359-43D2-9139-FF5CC4CE1AB2}"
EndProject
Project("{FAE04EC0-301F-11D3-BF4B-00C04F79EFBC}") = "H10ADOBlanco", "IIO13200-ADONET-DEMO-master\H10ADOBlanco.csproj", "{078B472F-E0BE-4705-A004-3F2A11A96896}"
EndProject
Global
	GlobalSection(SolutionConfigurationPlatforms) = preSolution
		Debug|Any CPU = Debug|Any CPU
		Release|Any CPU = Release|Any CPU
	EndGlobalSection
	GlobalSection(ProjectConfigurationPlatforms) = postSolution
		{BBFDB3F8-2232-4C51-A154-1DFFF2E75FE7}.Debug|Any CPU.ActiveCfg = Debug|Any CPU
		{BBFDB3F8-2232-4C51-A154-1DFFF2E75FE7}.Debug|Any CPU.Build.0 = Debug|Any CPU
		{BBFDB3F8-2232-4C51-A154-1DFFF2E75FE7}.Release|Any CPU.ActiveCfg = Release|Any CPU
		{BBFDB3F8-2232-4C51-A154-1DFFF2E75FE7}.Release|Any CPU.Build.0 = Release|Any CPU
		{E554FD57-7EB9-46B4-BFD5-E461CB37AC22}.Debug|Any CPU.ActiveCfg = Debug|Any CPU
		{E554FD57-7EB9-46B4-BFD5-E461CB37AC22}.Debug|Any CPU.Build.0 = Debug|Any CPU
		{E554FD57-7EB9-46B4-BFD5-E461CB37AC22}.Release|Any CPU.ActiveCfg = Release|Any CPU
		{E554FD57-7EB9-46B4-BFD5-E461CB37AC22}.Release|Any CPU.Build.0 = Release|Any CPU
		{ECC66B1E-2489-4048-A87B-6A94906FEA2D}.Debug|Any CPU.ActiveCfg = Debug|Any CPU
		{ECC66B1E-2489-4048-A87B-6A94906FEA2D}.Debug|Any CPU.Build.0 = Debug|Any CPU
		{ECC66B1E-2489-4048-A87B-6A94906FEA2D}.Release|Any CPU.ActiveCfg = Release|Any CPU
		{ECC66B1E-2489-4048-A87B-6A94906FEA2D}.Release|Any CPU.Build.0 = Release|Any CPU
		{8E18F019-4FFD-4202-9C73-0EA0DAE3521B}.Debug|Any CPU.ActiveCfg = Debug|Any CPU
		{8E18F019-4FFD-4202-9C73-0EA0DAE3521B}.Debug|Any CPU.Build.0 = Debug|Any CPU
		{8E18F019-4FFD-4202-9C73-0EA0DAE3521B}.Release|Any CPU.ActiveCfg = Release|Any CPU
		{8E18F019-4FFD-4202-9C73-0EA0DAE3521B}.Release|Any CPU.Build.0 = Release|Any CPU
		{6413EFBD-CBBF-4659-9486-C1DFFC783F37}.Debug|Any CPU.ActiveCfg = Debug|Any CPU
		{6413EFBD-CBBF-4659-9486-C1DFFC783F37}.Debug|Any CPU.Build.0 = Debug|Any CPU
		{6413EFBD-CBBF-4659-9486-C1DFFC783F37}.Release|Any CPU.ActiveCfg = Release|Any CPU
		{6413EFBD-CBBF-4659-9486-C1DFFC783F37}.Release|Any CPU.Build.0 = Release|Any CPU
		{DEF9D64F-DAB6-4EFF-9563-989427475546}.Debug|Any CPU.ActiveCfg = Debug|Any CPU
		{DEF9D64F-DAB6-4EFF-9563-989427475546}.Debug|Any CPU.Build.0 = Debug|Any CPU
		{DEF9D64F-DAB6-4EFF-9563-989427475546}.Release|Any CPU.ActiveCfg = Release|Any CPU
		{DEF9D64F-DAB6-4EFF-9563-989427475546}.Release|Any CPU.Build.0 = Release|Any CPU
		{12AB2B68-A8A8-4D15-BC17-D6A70C2D31EE}.Debug|Any CPU.ActiveCfg = Debug|Any CPU
		{12AB2B68-A8A8-4D15-BC17-D6A70C2D31EE}.Debug|Any CPU.Build.0 = Debug|Any CPU
		{12AB2B68-A8A8-4D15-BC17-D6A70C2D31EE}.Release|Any CPU.ActiveCfg = Release|Any CPU
		{12AB2B68-A8A8-4D15-BC17-D6A70C2D31EE}.Release|Any CPU.Build.0 = Release|Any CPU
		{0050928C-08DB-4360-80B6-9E01F3F3AE61}.Debug|Any CPU.ActiveCfg = Debug|Any CPU
		{0050928C-08DB-4360-80B6-9E01F3F3AE61}.Debug|Any CPU.Build.0 = Debug|Any CPU
		{0050928C-08DB-4360-80B6-9E01F3F3AE61}.Release|Any CPU.ActiveCfg = Release|Any CPU
		{0050928C-08DB-4360-80B6-9E01F3F3AE61}.Release|Any CPU.Build.0 = Release|Any CPU
		{506C7A32-267F-459A-8E3B-50DD2DF9CE4F}.Debug|Any CPU.ActiveCfg = Debug|Any CPU
		{506C7A32-267F-459A-8E3B-50DD2DF9CE4F}.Debug|Any CPU.Build.0 = Debug|Any CPU
		{506C7A32-267F-459A-8E3B-50DD2DF9CE4F}.Release|Any CPU.ActiveCfg = Release|Any CPU
		{506C7A32-267F-459A-8E3B-50DD2DF9CE4F}.Release|Any CPU.Build.0 = Release|Any CPU
		{4452CF41-A5CB-44AF-B41C-3184FCCB7C92}.Debug|Any CPU.ActiveCfg = Debug|Any CPU
		{4452CF41-A5CB-44AF-B41C-3184FCCB7C92}.Debug|Any CPU.Build.0 = Debug|Any CPU
		{4452CF41-A5CB-44AF-B41C-3184FCCB7C92}.Release|Any CPU.ActiveCfg = Release|Any CPU
		{4452CF41-A5CB-44AF-B41C-3184FCCB7C92}.Release|Any CPU.Build.0 = Release|Any CPU
		{D2D2AA1F-AAEB-4EC6-AF15-5B070C8D6C2F}.Debug|Any CPU.ActiveCfg = Debug|Any CPU
		{D2D2AA1F-AAEB-4EC6-AF15-5B070C8D6C2F}.Debug|Any CPU.Build.0 = Debug|Any CPU
		{D2D2AA1F-AAEB-4EC6-AF15-5B070C8D6C2F}.Release|Any CPU.ActiveCfg = Release|Any CPU
		{D2D2AA1F-AAEB-4EC6-AF15-5B070C8D6C2F}.Release|Any CPU.Build.0 = Release|Any CPU
		{44E2069E-36CC-41C2-9DF5-4E92A7515930}.Debug|Any CPU.ActiveCfg = Debug|Any CPU
		{44E2069E-36CC-41C2-9DF5-4E92A7515930}.Debug|Any CPU.Build.0 = Debug|Any CPU
		{44E2069E-36CC-41C2-9DF5-4E92A7515930}.Release|Any CPU.ActiveCfg = Release|Any CPU
		{44E2069E-36CC-41C2-9DF5-4E92A7515930}.Release|Any CPU.Build.0 = Release|Any CPU
		{CE927065-C056-47B8-ADA5-F3279FB7B6B8}.Debug|Any CPU.ActiveCfg = Debug|Any CPU
		{CE927065-C056-47B8-ADA5-F3279FB7B6B8}.Debug|Any CPU.Build.0 = Debug|Any CPU
		{CE927065-C056-47B8-ADA5-F3279FB7B6B8}.Release|Any CPU.ActiveCfg = Release|Any CPU
		{CE927065-C056-47B8-ADA5-F3279FB7B6B8}.Release|Any CPU.Build.0 = Release|Any CPU
		{5E7A4B27-39AB-4A0B-BD11-FE7C561FD9BE}.Debug|Any CPU.ActiveCfg = Debug|Any CPU
		{5E7A4B27-39AB-4A0B-BD11-FE7C561FD9BE}.Debug|Any CPU.Build.0 = Debug|Any CPU
		{5E7A4B27-39AB-4A0B-BD11-FE7C561FD9BE}.Release|Any CPU.ActiveCfg = Release|Any CPU
		{5E7A4B27-39AB-4A0B-BD11-FE7C561FD9BE}.Release|Any CPU.Build.0 = Release|Any CPU
		{5A47C458-A04E-4978-9316-68BF9DFC47DE}.Debug|Any CPU.ActiveCfg = Debug|Any CPU
		{5A47C458-A04E-4978-9316-68BF9DFC47DE}.Debug|Any CPU.Build.0 = Debug|Any CPU
		{5A47C458-A04E-4978-9316-68BF9DFC47DE}.Release|Any CPU.ActiveCfg = Release|Any CPU
		{5A47C458-A04E-4978-9316-68BF9DFC47DE}.Release|Any CPU.Build.0 = Release|Any CPU
		{36F13EFA-E359-43D2-9139-FF5CC4CE1AB2}.Debug|Any CPU.ActiveCfg = Debug|Any CPU
		{36F13EFA-E359-43D2-9139-FF5CC4CE1AB2}.Debug|Any CPU.Build.0 = Debug|Any CPU
		{36F13EFA-E359-43D2-9139-FF5CC4CE1AB2}.Release|Any CPU.ActiveCfg = Release|Any CPU
		{36F13EFA-E359-43D2-9139-FF5CC4CE1AB2}.Release|Any CPU.Build.0 = Release|Any CPU
		{078B472F-E0BE-4705-A004-3F2A11A96896}.Debug|Any CPU.ActiveCfg = Debug|Any CPU
		{078B472F-E0BE-4705-A004-3F2A11A96896}.Debug|Any CPU.Build.0 = Debug|Any CPU
		{078B472F-E0BE-4705-A004-3F2A11A96896}.Release|Any CPU.ActiveCfg = Release|Any CPU
		{078B472F-E0BE-4705-A004-3F2A11A96896}.Release|Any CPU.Build.0 = Release|Any CPU
	EndGlobalSection
	GlobalSection(SolutionProperties) = preSolution
		HideSolutionNode = FALSE
	EndGlobalSection
EndGlobal
